// !$*UTF8*$!
{
	archiveVersion = 1;
	classes = {
	};
	objectVersion = 46;
	objects = {

/* Begin PBXBuildFile section */
		8455568C1B54F95100F1C28F /* main.m in Sources */ = {isa = PBXBuildFile; fileRef = 8455568B1B54F95100F1C28F /* main.m */; };
		8455568F1B54F95100F1C28F /* AppDelegate.m in Sources */ = {isa = PBXBuildFile; fileRef = 8455568E1B54F95100F1C28F /* AppDelegate.m */; };
		845556921B54F95100F1C28F /* ViewController.m in Sources */ = {isa = PBXBuildFile; fileRef = 845556911B54F95100F1C28F /* ViewController.m */; };
		845556951B54F95100F1C28F /* Main.storyboard in Resources */ = {isa = PBXBuildFile; fileRef = 845556931B54F95100F1C28F /* Main.storyboard */; };
		845556971B54F95100F1C28F /* Images.xcassets in Resources */ = {isa = PBXBuildFile; fileRef = 845556961B54F95100F1C28F /* Images.xcassets */; };
		8455569A1B54F95100F1C28F /* LaunchScreen.xib in Resources */ = {isa = PBXBuildFile; fileRef = 845556981B54F95100F1C28F /* LaunchScreen.xib */; };
		845556A61B54F95100F1C28F /* skewImageUseUISliderTests.m in Sources */ = {isa = PBXBuildFile; fileRef = 845556A51B54F95100F1C28F /* skewImageUseUISliderTests.m */; };
/* End PBXBuildFile section */

/* Begin PBXContainerItemProxy section */
		845556A01B54F95100F1C28F /* PBXContainerItemProxy */ = {
			isa = PBXContainerItemProxy;
			containerPortal = 8455567E1B54F95100F1C28F /* Project object */;
			proxyType = 1;
			remoteGlobalIDString = 845556851B54F95100F1C28F;
			remoteInfo = skewImageUseUISlider;
		};
/* End PBXContainerItemProxy section */

/* Begin PBXFileReference section */
		845556861B54F95100F1C28F /* skewImageUseUISlider.app */ = {isa = PBXFileReference; explicitFileType = wrapper.application; includeInIndex = 0; path = skewImageUseUISlider.app; sourceTree = BUILT_PRODUCTS_DIR; };
		8455568A1B54F95100F1C28F /* Info.plist */ = {isa = PBXFileReference; lastKnownFileType = text.plist.xml; path = Info.plist; sourceTree = "<group>"; };
		8455568B1B54F95100F1C28F /* main.m */ = {isa = PBXFileReference; lastKnownFileType = sourcecode.c.objc; path = main.m; sourceTree = "<group>"; };
		8455568D1B54F95100F1C28F /* AppDelegate.h */ = {isa = PBXFileReference; lastKnownFileType = sourcecode.c.h; path = AppDelegate.h; sourceTree = "<group>"; };
		8455568E1B54F95100F1C28F /* AppDelegate.m */ = {isa = PBXFileReference; lastKnownFileType = sourcecode.c.objc; path = AppDelegate.m; sourceTree = "<group>"; };
		845556901B54F95100F1C28F /* ViewController.h */ = {isa = PBXFileReference; lastKnownFileType = sourcecode.c.h; path = ViewController.h; sourceTree = "<group>"; };
		845556911B54F95100F1C28F /* ViewController.m */ = {isa = PBXFileReference; lastKnownFileType = sourcecode.c.objc; path = ViewController.m; sourceTree = "<group>"; };
		845556941B54F95100F1C28F /* Base */ = {isa = PBXFileReference; lastKnownFileType = file.storyboard; name = Base; path = Base.lproj/Main.storyboard; sourceTree = "<group>"; };
		845556961B54F95100F1C28F /* Images.xcassets */ = {isa = PBXFileReference; lastKnownFileType = folder.assetcatalog; path = Images.xcassets; sourceTree = "<group>"; };
		845556991B54F95100F1C28F /* Base */ = {isa = PBXFileReference; lastKnownFileType = file.xib; name = Base; path = Base.lproj/LaunchScreen.xib; sourceTree = "<group>"; };
		8455569F1B54F95100F1C28F /* skewImageUseUISliderTests.xctest */ = {isa = PBXFileReference; explicitFileType = wrapper.cfbundle; includeInIndex = 0; path = skewImageUseUISliderTests.xctest; sourceTree = BUILT_PRODUCTS_DIR; };
		845556A41B54F95100F1C28F /* Info.plist */ = {isa = PBXFileReference; lastKnownFileType = text.plist.xml; path = Info.plist; sourceTree = "<group>"; };
		845556A51B54F95100F1C28F /* skewImageUseUISliderTests.m */ = {isa = PBXFileReference; lastKnownFileType = sourcecode.c.objc; path = skewImageUseUISliderTests.m; sourceTree = "<group>"; };
/* End PBXFileReference section */

/* Begin PBXFrameworksBuildPhase section */
		845556831B54F95100F1C28F /* Frameworks */ = {
			isa = PBXFrameworksBuildPhase;
			buildActionMask = 2147483647;
			files = (
			);
			runOnlyForDeploymentPostprocessing = 0;
		};
		8455569C1B54F95100F1C28F /* Frameworks */ = {
			isa = PBXFrameworksBuildPhase;
			buildActionMask = 2147483647;
			files = (
			);
			runOnlyForDeploymentPostprocessing = 0;
		};
/* End PBXFrameworksBuildPhase section */

/* Begin PBXGroup section */
		8455567D1B54F95100F1C28F = {
			isa = PBXGroup;
			children = (
				845556881B54F95100F1C28F /* skewImageUseUISlider */,
				845556A21B54F95100F1C28F /* skewImageUseUISliderTests */,
				845556871B54F95100F1C28F /* Products */,
			);
			sourceTree = "<group>";
		};
		845556871B54F95100F1C28F /* Products */ = {
			isa = PBXGroup;
			children = (
				845556861B54F95100F1C28F /* skewImageUseUISlider.app */,
				8455569F1B54F95100F1C28F /* skewImageUseUISliderTests.xctest */,
			);
			name = Products;
			sourceTree = "<group>";
		};
		845556881B54F95100F1C28F /* skewImageUseUISlider */ = {
			isa = PBXGroup;
			children = (
				8455568D1B54F95100F1C28F /* AppDelegate.h */,
				8455568E1B54F95100F1C28F /* AppDelegate.m */,
				845556901B54F95100F1C28F /* ViewController.h */,
				845556911B54F95100F1C28F /* ViewController.m */,
				845556931B54F95100F1C28F /* Main.storyboard */,
				845556961B54F95100F1C28F /* Images.xcassets */,
				845556981B54F95100F1C28F /* LaunchScreen.xib */,
				845556891B54F95100F1C28F /* Supporting Files */,
			);
			path = skewImageUseUISlider;
			sourceTree = "<group>";
		};
		845556891B54F95100F1C28F /* Supporting Files */ = {
			isa = PBXGroup;
			children = (
				8455568A1B54F95100F1C28F /* Info.plist */,
				8455568B1B54F95100F1C28F /* main.m */,
			);
			name = "Supporting Files";
			sourceTree = "<group>";
		};
		845556A21B54F95100F1C28F /* skewImageUseUISliderTests */ = {
			isa = PBXGroup;
			children = (
				845556A51B54F95100F1C28F /* skewImageUseUISliderTests.m */,
				845556A31B54F95100F1C28F /* Supporting Files */,
			);
			path = skewImageUseUISliderTests;
			sourceTree = "<group>";
		};
		845556A31B54F95100F1C28F /* Supporting Files */ = {
			isa = PBXGroup;
			children = (
				845556A41B54F95100F1C28F /* Info.plist */,
			);
			name = "Supporting Files";
			sourceTree = "<group>";
		};
/* End PBXGroup section */

/* Begin PBXNativeTarget section */
		845556851B54F95100F1C28F /* skewImageUseUISlider */ = {
			isa = PBXNativeTarget;
			buildConfigurationList = 845556A91B54F95100F1C28F /* Build configuration list for PBXNativeTarget "skewImageUseUISlider" */;
			buildPhases = (
				845556821B54F95100F1C28F /* Sources */,
				845556831B54F95100F1C28F /* Frameworks */,
				845556841B54F95100F1C28F /* Resources */,
			);
			buildRules = (
			);
			dependencies = (
			);
			name = skewImageUseUISlider;
			productName = skewImageUseUISlider;
			productReference = 845556861B54F95100F1C28F /* skewImageUseUISlider.app */;
			productType = "com.apple.product-type.application";
		};
		8455569E1B54F95100F1C28F /* skewImageUseUISliderTests */ = {
			isa = PBXNativeTarget;
			buildConfigurationList = 845556AC1B54F95100F1C28F /* Build configuration list for PBXNativeTarget "skewImageUseUISliderTests" */;
			buildPhases = (
				8455569B1B54F95100F1C28F /* Sources */,
				8455569C1B54F95100F1C28F /* Frameworks */,
				8455569D1B54F95100F1C28F /* Resources */,
			);
			buildRules = (
			);
			dependencies = (
				845556A11B54F95100F1C28F /* PBXTargetDependency */,
			);
			name = skewImageUseUISliderTests;
			productName = skewImageUseUISliderTests;
			productReference = 8455569F1B54F95100F1C28F /* skewImageUseUISliderTests.xctest */;
			productType = "com.apple.product-type.bundle.unit-test";
		};
/* End PBXNativeTarget section */

/* Begin PBXProject section */
		8455567E1B54F95100F1C28F /* Project object */ = {
			isa = PBXProject;
			attributes = {
				LastUpgradeCheck = 0640;
				ORGANIZATIONNAME = iOS31;
				TargetAttributes = {
					845556851B54F95100F1C28F = {
						CreatedOnToolsVersion = 6.4;
					};
					8455569E1B54F95100F1C28F = {
						CreatedOnToolsVersion = 6.4;
						TestTargetID = 845556851B54F95100F1C28F;
					};
				};
			};
			buildConfigurationList = 845556811B54F95100F1C28F /* Build configuration list for PBXProject "skewImageUseUISlider" */;
			compatibilityVersion = "Xcode 3.2";
			developmentRegion = English;
			hasScannedForEncodings = 0;
			knownRegions = (
				en,
				Base,
			);
			mainGroup = 8455567D1B54F95100F1C28F;
			productRefGroup = 845556871B54F95100F1C28F /* Products */;
			projectDirPath = "";
			projectRoot = "";
			targets = (
				845556851B54F95100F1C28F /* skewImageUseUISlider */,
				8455569E1B54F95100F1C28F /* skewImageUseUISliderTests */,
			);
		};
/* End PBXProject section */

/* Begin PBXResourcesBuildPhase section */
		845556841B54F95100F1C28F /* Resources */ = {
			isa = PBXResourcesBuildPhase;
			buildActionMask = 2147483647;
			files = (
				845556951B54F95100F1C28F /* Main.storyboard in Resources */,
				8455569A1B54F95100F1C28F /* LaunchScreen.xib in Resources */,
				845556971B54F95100F1C28F /* Images.xcassets in Resources */,
			);
			runOnlyForDeploymentPostprocessing = 0;
		};
		8455569D1B54F95100F1C28F /* Resources */ = {
			isa = PBXResourcesBuildPhase;
			buildActionMask = 2147483647;
			files = (
			);
			runOnlyForDeploymentPostprocessing = 0;
		};
/* End PBXResourcesBuildPhase section */

/* Begin PBXSourcesBuildPhase section */
		845556821B54F95100F1C28F /* Sources */ = {
			isa = PBXSourcesBuildPhase;
			buildActionMask = 2147483647;
			files = (
				845556921B54F95100F1C28F /* ViewController.m in Sources */,
				8455568F1B54F95100F1C28F /* AppDelegate.m in Sources */,
				8455568C1B54F95100F1C28F /* main.m in Sources */,
			);
			runOnlyForDeploymentPostprocessing = 0;
		};
		8455569B1B54F95100F1C28F /* Sources */ = {
			isa = PBXSourcesBuildPhase;
			buildActionMask = 2147483647;
			files = (
				845556A61B54F95100F1C28F /* skewImageUseUISliderTests.m in Sources */,
			);
			runOnlyForDeploymentPostprocessing = 0;
		};
/* End PBXSourcesBuildPhase section */

/* Begin PBXTargetDependency section */
		845556A11B54F95100F1C28F /* PBXTargetDependency */ = {
			isa = PBXTargetDependency;
			target = 845556851B54F95100F1C28F /* skewImageUseUISlider */;
			targetProxy = 845556A01B54F95100F1C28F /* PBXContainerItemProxy */;
		};
/* End PBXTargetDependency section */

/* Begin PBXVariantGroup section */
		845556931B54F95100F1C28F /* Main.storyboard */ = {
			isa = PBXVariantGroup;
			children = (
				845556941B54F95100F1C28F /* Base */,
			);
			name = Main.storyboard;
			sourceTree = "<group>";
		};
		845556981B54F95100F1C28F /* LaunchScreen.xib */ = {
			isa = PBXVariantGroup;
			children = (
				845556991B54F95100F1C28F /* Base */,
			);
			name = LaunchScreen.xib;
			sourceTree = "<group>";
		};
/* End PBXVariantGroup section */

/* Begin XCBuildConfiguration section */
		845556A71B54F95100F1C28F /* Debug */ = {
			isa = XCBuildConfiguration;
			buildSettings = {
				ALWAYS_SEARCH_USER_PATHS = NO;
				CLANG_CXX_LANGUAGE_STANDARD = "gnu++0x";
				CLANG_CXX_LIBRARY = "libc++";
				CLANG_ENABLE_MODULES = YES;
				CLANG_ENABLE_OBJC_ARC = YES;
				CLANG_WARN_BOOL_CONVERSION = YES;
				CLANG_WARN_CONSTANT_CONVERSION = YES;
				CLANG_WARN_DIRECT_OBJC_ISA_USAGE = YES_ERROR;
				CLANG_WARN_EMPTY_BODY = YES;
				CLANG_WARN_ENUM_CONVERSION = YES;
				CLANG_WARN_INT_CONVERSION = YES;
				CLANG_WARN_OBJC_ROOT_CLASS = YES_ERROR;
				CLANG_WARN_UNREACHABLE_CODE = YES;
				CLANG_WARN__DUPLICATE_METHOD_MATCH = YES;
				"CODE_SIGN_IDENTITY[sdk=iphoneos*]" = "iPhone Developer";
				COPY_PHASE_STRIP = NO;
				DEBUG_INFORMATION_FORMAT = "dwarf-with-dsym";
				ENABLE_STRICT_OBJC_MSGSEND = YES;
				GCC_C_LANGUAGE_STANDARD = gnu99;
				GCC_DYNAMIC_NO_PIC = NO;
				GCC_NO_COMMON_BLOCKS = YES;
				GCC_OPTIMIZATION_LEVEL = 0;
				GCC_PREPROCESSOR_DEFINITIONS = (
					"DEBUG=1",
					"$(inherited)",
				);
				GCC_SYMBOLS_PRIVATE_EXTERN = NO;
				GCC_WARN_64_TO_32_BIT_CONVERSION = YES;
				GCC_WARN_ABOUT_RETURN_TYPE = YES_ERROR;
				GCC_WARN_UNDECLARED_SELECTOR = YES;
				GCC_WARN_UNINITIALIZED_AUTOS = YES_AGGRESSIVE;
				GCC_WARN_UNUSED_FUNCTION = YES;
				GCC_WARN_UNUSED_VARIABLE = YES;
				IPHONEOS_DEPLOYMENT_TARGET = 8.4;
				MTL_ENABLE_DEBUG_INFO = YES;
				ONLY_ACTIVE_ARCH = YES;
				SDKROOT = iphoneos;
			};
			name = Debug;
		};
		845556A81B54F95100F1C28F /* Release */ = {
			isa = XCBuildConfiguration;
			buildSettings = {
				ALWAYS_SEARCH_USER_PATHS = NO;
				CLANG_CXX_LANGUAGE_STANDARD = "gnu++0x";
				CLANG_CXX_LIBRARY = "libc++";
				CLANG_ENABLE_MODULES = YES;
				CLANG_ENABLE_OBJC_ARC = YES;
				CLANG_WARN_BOOL_CONVERSION = YES;
				CLANG_WARN_CONSTANT_CONVERSION = YES;
				CLANG_WARN_DIRECT_OBJC_ISA_USAGE = YES_ERROR;
				CLANG_WARN_EMPTY_BODY = YES;
				CLANG_WARN_ENUM_CONVERSION = YES;
				CLANG_WARN_INT_CONVERSION = YES;
				CLANG_WARN_OBJC_ROOT_CLASS = YES_ERROR;
				CLANG_WARN_UNREACHABLE_CODE = YES;
				CLANG_WARN__DUPLICATE_METHOD_MATCH = YES;
				"CODE_SIGN_IDENTITY[sdk=iphoneos*]" = "iPhone Developer";
				COPY_PHASE_STRIP = NO;
				DEBUG_INFORMATION_FORMAT = "dwarf-with-dsym";
				ENABLE_NS_ASSERTIONS = NO;
				ENABLE_STRICT_OBJC_MSGSEND = YES;
				GCC_C_LANGUAGE_STANDARD = gnu99;
				GCC_NO_COMMON_BLOCKS = YES;
				GCC_WARN_64_TO_32_BIT_CONVERSION = YES;
				GCC_WARN_ABOUT_RETURN_TYPE = YES_ERROR;
				GCC_WARN_UNDECLARED_SELECTOR = YES;
				GCC_WARN_UNINITIALIZED_AUTOS = YES_AGGRESSIVE;
				GCC_WARN_UNUSED_FUNCTION = YES;
				GCC_WARN_UNUSED_VARIABLE = YES;
				IPHONEOS_DEPLOYMENT_TARGET = 8.4;
				MTL_ENABLE_DEBUG_INFO = NO;
				SDKROOT = iphoneos;
				VALIDATE_PRODUCT = YES;
			};
			name = Release;
		};
		845556AA1B54F95100F1C28F /* Debug */ = {
			isa = XCBuildConfiguration;
			buildSettings = {
				ASSETCATALOG_COMPILER_APPICON_NAME = AppIcon;
				ASSETCATALOG_COMPILER_LAUNCHIMAGE_NAME = LaunchImage;
				INFOPLIST_FILE = skewImageUseUISlider/Info.plist;
				IPHONEOS_DEPLOYMENT_TARGET = 7.0;
				LD_RUNPATH_SEARCH_PATHS = "$(inherited) @executable_path/Frameworks";
				PRODUCT_NAME = "$(TARGET_NAME)";
			};
			name = Debug;
		};
		845556AB1B54F95100F1C28F /* Release */ = {
			isa = XCBuildConfiguration;
			buildSettings = {
				ASSETCATALOG_COMPILER_APPICON_NAME = AppIcon;
				ASSETCATALOG_COMPILER_LAUNCHIMAGE_NAME = LaunchImage;
				INFOPLIST_FILE = skewImageUseUISlider/Info.plist;
				IPHONEOS_DEPLOYMENT_TARGET = 7.0;
				LD_RUNPATH_SEARCH_PATHS = "$(inherited) @executable_path/Frameworks";
				PRODUCT_NAME = "$(TARGET_NAME)";
			};
			name = Release;
		};
		845556AD1B54F95100F1C28F /* Debug */ = {
			isa = XCBuildConfiguration;
			buildSettings = {
				BUNDLE_LOADER = "$(TEST_HOST)";
				FRAMEWORK_SEARCH_PATHS = (
					"$(SDKROOT)/Developer/Library/Frameworks",
					"$(inherited)",
				);
				GCC_PREPROCESSOR_DEFINITIONS = (
					"DEBUG=1",
					"$(inherited)",
				);
				INFOPLIST_FILE = skewImageUseUISliderTests/Info.plist;
				LD_RUNPATH_SEARCH_PATHS = "$(inherited) @executable_path/Frameworks @loader_path/Frameworks";
				PRODUCT_NAME = "$(TARGET_NAME)";
				TEST_HOST = "$(BUILT_PRODUCTS_DIR)/skewImageUseUISlider.app/skewImageUseUISlider";
			};
			name = Debug;
		};
		845556AE1B54F95100F1C28F /* Release */ = {
			isa = XCBuildConfiguration;
			buildSettings = {
				BUNDLE_LOADER = "$(TEST_HOST)";
				FRAMEWORK_SEARCH_PATHS = (
					"$(SDKROOT)/Developer/Library/Frameworks",
					"$(inherited)",
				);
				INFOPLIST_FILE = skewImageUseUISliderTests/Info.plist;
				LD_RUNPATH_SEARCH_PATHS = "$(inherited) @executable_path/Frameworks @loader_path/Frameworks";
				PRODUCT_NAME = "$(TARGET_NAME)";
				TEST_HOST = "$(BUILT_PRODUCTS_DIR)/skewImageUseUISlider.app/skewImageUseUISlider";
			};
			name = Release;
		};
/* End XCBuildConfiguration section */

/* Begin XCConfigurationList section */
		845556811B54F95100F1C28F /* Build configuration list for PBXProject "skewImageUseUISlider" */ = {
			isa = XCConfigurationList;
			buildConfigurations = (
				845556A71B54F95100F1C28F /* Debug */,
				845556A81B54F95100F1C28F /* Release */,
			);
			defaultConfigurationIsVisible = 0;
			defaultConfigurationName = Release;
		};
		845556A91B54F95100F1C28F /* Build configuration list for PBXNativeTarget "skewImageUseUISlider" */ = {
			isa = XCConfigurationList;
			buildConfigurations = (
				845556AA1B54F95100F1C28F /* Debug */,
				845556AB1B54F95100F1C28F /* Release */,
			);
			defaultConfigurationIsVisible = 0;
		};
		845556AC1B54F95100F1C28F /* Build configuration list for PBXNativeTarget "skewImageUseUISliderTests" */ = {
			isa = XCConfigurationList;
			buildConfigurations = (
				845556AD1B54F95100F1C28F /* Debug */,
				845556AE1B54F95100F1C28F /* Release */,
			);
			defaultConfigurationIsVisible = 0;
		};
/* End XCConfigurationList section */
	};
	rootObject = 8455567E1B54F95100F1C28F /* Project object */;
}
